
Microsoft Visual Studio Solution File, Format Version 12.00
# Visual Studio Version 17
VisualStudioVersion = 17.4.33103.184
MinimumVisualStudioVersion = 10.0.40219.1
Project("{FAE04EC0-301F-11D3-BF4B-00C04F79EFBC}") = "Spg.BowlingKata.BowlingGame", "Spg.BowlingKata.BowlingGame\Spg.BowlingKata.BowlingGame.csproj", "{8A11B07B-3A34-474B-97A7-0CA59B5D79AB}"
EndProject
Project("{FAE04EC0-301F-11D3-BF4B-00C04F79EFBC}") = "Spg.BowlingKata.BowlingGameTest", "Spg.BowlingKata.BowlingGameTest\Spg.BowlingKata.BowlingGameTest.csproj", "{2E2ACED0-A058-47E0-88FB-BA9D61BFBF40}"
EndProject
Global
	GlobalSection(SolutionConfigurationPlatforms) = preSolution
		Debug|Any CPU = Debug|Any CPU
		Release|Any CPU = Release|Any CPU
	EndGlobalSection
	GlobalSection(ProjectConfigurationPlatforms) = postSolution
		{8A11B07B-3A34-474B-97A7-0CA59B5D79AB}.Debug|Any CPU.ActiveCfg = Debug|Any CPU
		{8A11B07B-3A34-474B-97A7-0CA59B5D79AB}.Debug|Any CPU.Build.0 = Debug|Any CPU
		{8A11B07B-3A34-474B-97A7-0CA59B5D79AB}.Release|Any CPU.ActiveCfg = Release|Any CPU
		{8A11B07B-3A34-474B-97A7-0CA59B5D79AB}.Release|Any CPU.Build.0 = Release|Any CPU
		{2E2ACED0-A058-47E0-88FB-BA9D61BFBF40}.Debug|Any CPU.ActiveCfg = Debug|Any CPU
		{2E2ACED0-A058-47E0-88FB-BA9D61BFBF40}.Debug|Any CPU.Build.0 = Debug|Any CPU
		{2E2ACED0-A058-47E0-88FB-BA9D61BFBF40}.Release|Any CPU.ActiveCfg = Release|Any CPU
		{2E2ACED0-A058-47E0-88FB-BA9D61BFBF40}.Release|Any CPU.Build.0 = Release|Any CPU
	EndGlobalSection
	GlobalSection(SolutionProperties) = preSolution
		HideSolutionNode = FALSE
	EndGlobalSection
	GlobalSection(ExtensibilityGlobals) = postSolution
		SolutionGuid = {943ECB04-A295-46A0-A237-F2295E7CE920}
	EndGlobalSection
EndGlobal
